# This file is automatically @generated by Cargo.
# It is not intended for manual editing.
version = 4

[[package]]
name = "deskephem"
version = "0.1.1"
dependencies = [
 "pracstro",
]

[[package]]
name = "pracstro"
version = "0.2.1"
source = "registry+https://github.com/rust-lang/crates.io-index"
checksum = "52d967c4dd7b9d2c908673c5a5d3d89e6d626b337fc158d6d034b1c073b5e46d"
