# This file is automatically @generated by Cargo.
# It is not intended for manual editing.
version = 4

[[package]]
name = "deskephem"
version = "0.1.1"
dependencies = [
 "pracstro",
]

[[package]]
name = "pracstro"
version = "0.2.2"
source = "registry+https://github.com/rust-lang/crates.io-index"
checksum = "f455d138b607f2051b46b9585598b75a5d0d397792e984037ab9b67fce63a8f5"
