# This file is automatically @generated by Cargo.
# It is not intended for manual editing.
version = 4

[[package]]
name = "deskephem"
version = "0.1.1"
dependencies = [
 "pracstro",
]

[[package]]
name = "pracstro"
version = "0.3.1"
source = "registry+https://github.com/rust-lang/crates.io-index"
checksum = "ee8e5687860f39a5ec16d5c6e3a19c66052df8b65296adde00b9e4a52d368255"
